
Microsoft Visual Studio Solution File, Format Version 12.00
# Visual Studio Version 17
VisualStudioVersion = 17.8.34525.116
MinimumVisualStudioVersion = 10.0.40219.1
Project("{9A19103F-16F7-4668-BE54-9A1E7A4F7556}") = "ServicesProvider", "ServicesProvider\ServicesProvider.csproj", "{E37B5827-DB43-4D5B-B9ED-A3BAF78CEB85}"
EndProject
Global
	GlobalSection(SolutionConfigurationPlatforms) = preSolution
		Debug|Any CPU = Debug|Any CPU
		Release|Any CPU = Release|Any CPU
	EndGlobalSection
	GlobalSection(ProjectConfigurationPlatforms) = postSolution
		{E37B5827-DB43-4D5B-B9ED-A3BAF78CEB85}.Debug|Any CPU.ActiveCfg = Debug|Any CPU
		{E37B5827-DB43-4D5B-B9ED-A3BAF78CEB85}.Debug|Any CPU.Build.0 = Debug|Any CPU
		{E37B5827-DB43-4D5B-B9ED-A3BAF78CEB85}.Release|Any CPU.ActiveCfg = Release|Any CPU
		{E37B5827-DB43-4D5B-B9ED-A3BAF78CEB85}.Release|Any CPU.Build.0 = Release|Any CPU
	EndGlobalSection
	GlobalSection(SolutionProperties) = preSolution
		HideSolutionNode = FALSE
	EndGlobalSection
	GlobalSection(ExtensibilityGlobals) = postSolution
		SolutionGuid = {268DE0D6-A9F9-48A7-A15B-B32626C96418}
	EndGlobalSection
EndGlobal
